
Microsoft Visual Studio Solution File, Format Version 11.00
# Visual Studio 2010
Project("{FAE04EC0-301F-11D3-BF4B-00C04F79EFBC}") = "Google.XR.ARCoreExtensions", "Google.XR.ARCoreExtensions.csproj", "{373448a8-1439-cb60-5007-f15edac362df}"
EndProject
Project("{FAE04EC0-301F-11D3-BF4B-00C04F79EFBC}") = "UnityEngine.TestRunner", "UnityEngine.TestRunner.csproj", "{3985fee5-1f11-3749-839c-0deed4b2cca2}"
EndProject
Project("{FAE04EC0-301F-11D3-BF4B-00C04F79EFBC}") = "UnityEngine.UI", "UnityEngine.UI.csproj", "{d631ee3c-eb31-cb9e-6b31-662b66bde825}"
EndProject
Project("{FAE04EC0-301F-11D3-BF4B-00C04F79EFBC}") = "Unity.VisualScripting.Flow", "Unity.VisualScripting.Flow.csproj", "{629bb2bc-acf5-c039-7dc3-edaac73ccc17}"
EndProject
Project("{FAE04EC0-301F-11D3-BF4B-00C04F79EFBC}") = "Unity.XR.ARFoundation", "Unity.XR.ARFoundation.csproj", "{2c34a59d-4afb-2b4f-16aa-cf776d157cfa}"
EndProject
Project("{FAE04EC0-301F-11D3-BF4B-00C04F79EFBC}") = "Unity.XR.ARKit", "Unity.XR.ARKit.csproj", "{ceb56083-aad8-0646-efff-3ead3a4ceee8}"
EndProject
Project("{FAE04EC0-301F-11D3-BF4B-00C04F79EFBC}") = "Unity.XR.ARSubsystems", "Unity.XR.ARSubsystems.csproj", "{b0e1d3b1-b184-abb0-d900-7b508ccc3e37}"
EndProject
Project("{FAE04EC0-301F-11D3-BF4B-00C04F79EFBC}") = "Unity.XR.ARCore", "Unity.XR.ARCore.csproj", "{be616c1d-3804-b29b-cf3f-ba72d95d01d6}"
EndProject
Project("{FAE04EC0-301F-11D3-BF4B-00C04F79EFBC}") = "Unity.VisualScripting.State", "Unity.VisualScripting.State.csproj", "{3fa12630-060c-6196-c124-7f51707320a1}"
EndProject
Project("{FAE04EC0-301F-11D3-BF4B-00C04F79EFBC}") = "Unity.VisualScripting.Core", "Unity.VisualScripting.Core.csproj", "{dfd7f258-f9f0-0854-c7d3-92c9492833f4}"
EndProject
Project("{FAE04EC0-301F-11D3-BF4B-00C04F79EFBC}") = "UnityEngine.XR.LegacyInputHelpers", "UnityEngine.XR.LegacyInputHelpers.csproj", "{d7547900-dce5-e855-18c8-cb321d3daa7f}"
EndProject
Project("{FAE04EC0-301F-11D3-BF4B-00C04F79EFBC}") = "Assembly-CSharp", "Assembly-CSharp.csproj", "{7485a817-2fab-3608-a1e9-f07b6c05c451}"
EndProject
Project("{FAE04EC0-301F-11D3-BF4B-00C04F79EFBC}") = "Unity.TextMeshPro", "Unity.TextMeshPro.csproj", "{5b925924-4df8-e681-91b2-dd6d6eab4602}"
EndProject
Project("{FAE04EC0-301F-11D3-BF4B-00C04F79EFBC}") = "Unity.Timeline", "Unity.Timeline.csproj", "{485f3858-7586-0435-06aa-83767d4d61dc}"
EndProject
Project("{FAE04EC0-301F-11D3-BF4B-00C04F79EFBC}") = "Unity.XR.Management", "Unity.XR.Management.csproj", "{a6d769e9-1604-4a1f-d01c-8ced1fdf40d6}"
EndProject
Project("{FAE04EC0-301F-11D3-BF4B-00C04F79EFBC}") = "UnityEngine.SpatialTracking", "UnityEngine.SpatialTracking.csproj", "{c6ef2118-c89d-9bb2-3953-2e9ab3f0cc3b}"
EndProject
Project("{FAE04EC0-301F-11D3-BF4B-00C04F79EFBC}") = "Unity.Subsystem.Registration", "Unity.Subsystem.Registration.csproj", "{8904713c-8ad5-6731-cb6e-8aad3206bde6}"
EndProject
Project("{FAE04EC0-301F-11D3-BF4B-00C04F79EFBC}") = "Unity.PlasticSCM.Editor", "Unity.PlasticSCM.Editor.csproj", "{6dcf7036-4f68-9d6c-214f-6600b3627d7b}"
EndProject
Project("{FAE04EC0-301F-11D3-BF4B-00C04F79EFBC}") = "Unity.VisualScripting.Core.Editor", "Unity.VisualScripting.Core.Editor.csproj", "{2048597d-e652-0fa0-299f-c07236bb37a5}"
EndProject
Project("{FAE04EC0-301F-11D3-BF4B-00C04F79EFBC}") = "Unity.VisualScripting.Flow.Editor", "Unity.VisualScripting.Flow.Editor.csproj", "{2cd0d1ca-d396-a9f8-28aa-082ebd769385}"
EndProject
Project("{FAE04EC0-301F-11D3-BF4B-00C04F79EFBC}") = "Unity.VisualStudio.Editor", "Unity.VisualStudio.Editor.csproj", "{e0b08e22-87c5-1361-1066-971e84e0aa30}"
EndProject
Project("{FAE04EC0-301F-11D3-BF4B-00C04F79EFBC}") = "Unity.Timeline.Editor", "Unity.Timeline.Editor.csproj", "{1569eaa0-74d7-d918-cfad-e8ebba691782}"
EndProject
Project("{FAE04EC0-301F-11D3-BF4B-00C04F79EFBC}") = "Unity.VisualScripting.State.Editor", "Unity.VisualScripting.State.Editor.csproj", "{e6d54205-eeeb-c354-be18-c3df2a0d3413}"
EndProject
Project("{FAE04EC0-301F-11D3-BF4B-00C04F79EFBC}") = "Unity.TextMeshPro.Editor", "Unity.TextMeshPro.Editor.csproj", "{ace5280b-538f-bf33-a58c-657573dbb4db}"
EndProject
Project("{FAE04EC0-301F-11D3-BF4B-00C04F79EFBC}") = "Unity.VisualScripting.SettingsProvider.Editor", "Unity.VisualScripting.SettingsProvider.Editor.csproj", "{2df55e0d-d50f-5213-c78a-966b8f11d3bf}"
EndProject
Project("{FAE04EC0-301F-11D3-BF4B-00C04F79EFBC}") = "Unity.CollabProxy.Editor", "Unity.CollabProxy.Editor.csproj", "{e6fe4fe1-c839-4199-6beb-030ea8788ca7}"
EndProject
Project("{FAE04EC0-301F-11D3-BF4B-00C04F79EFBC}") = "UnityEditor.TestRunner", "UnityEditor.TestRunner.csproj", "{ccaca27a-a104-2a6f-78e8-7519e854b32e}"
EndProject
Project("{FAE04EC0-301F-11D3-BF4B-00C04F79EFBC}") = "Unity.TestTools.CodeCoverage.Editor", "Unity.TestTools.CodeCoverage.Editor.csproj", "{e187dda9-9241-7b78-955c-ef64f8c0ae70}"
EndProject
Project("{FAE04EC0-301F-11D3-BF4B-00C04F79EFBC}") = "Unity.Rider.Editor", "Unity.Rider.Editor.csproj", "{4c059473-8e71-2c5f-1620-006e9582f535}"
EndProject
Project("{FAE04EC0-301F-11D3-BF4B-00C04F79EFBC}") = "Unity.Services.Core.Editor", "Unity.Services.Core.Editor.csproj", "{73aa19a1-94c7-8fab-b7af-1e01c4de105f}"
EndProject
Project("{FAE04EC0-301F-11D3-BF4B-00C04F79EFBC}") = "Unity.Performance.Profile-Analyzer.Editor", "Unity.Performance.Profile-Analyzer.Editor.csproj", "{ebb8c0cf-ed8f-a859-1f4c-e2303b3af598}"
EndProject
Project("{FAE04EC0-301F-11D3-BF4B-00C04F79EFBC}") = "Unity.XR.ARKit.Editor", "Unity.XR.ARKit.Editor.csproj", "{0d822597-07d3-20dd-ab79-be009cb7e976}"
EndProject
Project("{FAE04EC0-301F-11D3-BF4B-00C04F79EFBC}") = "Google.XR.ARCoreExtensions.Editor", "Google.XR.ARCoreExtensions.Editor.csproj", "{bb656a66-2eac-b31b-3cd3-7eba07fb9f3f}"
EndProject
Project("{FAE04EC0-301F-11D3-BF4B-00C04F79EFBC}") = "Unity.XR.Management.Editor", "Unity.XR.Management.Editor.csproj", "{46595edf-edd6-b7cc-9c37-137dc0893ed2}"
EndProject
Project("{FAE04EC0-301F-11D3-BF4B-00C04F79EFBC}") = "Unity.VSCode.Editor", "Unity.VSCode.Editor.csproj", "{8bc77110-bb9b-8d38-1711-f06e2cbd9ad6}"
EndProject
Project("{FAE04EC0-301F-11D3-BF4B-00C04F79EFBC}") = "UnityEditor.UI", "UnityEditor.UI.csproj", "{7938a2c4-c278-1c1f-a01c-a164e388f1d9}"
EndProject
Project("{FAE04EC0-301F-11D3-BF4B-00C04F79EFBC}") = "Unity.TestTools.CodeCoverage.Editor.OpenCover.Model", "Unity.TestTools.CodeCoverage.Editor.OpenCover.Model.csproj", "{90e062e2-d37b-a5a1-b6fa-a03effba9696}"
EndProject
Project("{FAE04EC0-301F-11D3-BF4B-00C04F79EFBC}") = "Unity.EditorCoroutines.Editor", "Unity.EditorCoroutines.Editor.csproj", "{6d032b69-bfa9-f188-e239-a41e23da227c}"
EndProject
Project("{FAE04EC0-301F-11D3-BF4B-00C04F79EFBC}") = "Unity.Settings.Editor", "Unity.Settings.Editor.csproj", "{8cc8122b-2e80-912e-219c-89db418444b9}"
EndProject
Project("{FAE04EC0-301F-11D3-BF4B-00C04F79EFBC}") = "UnityEditor.SpatialTracking", "UnityEditor.SpatialTracking.csproj", "{999a3486-82ba-519b-ae9f-2285deafcc93}"
EndProject
Project("{FAE04EC0-301F-11D3-BF4B-00C04F79EFBC}") = "Unity.XR.ARCore.Editor", "Unity.XR.ARCore.Editor.csproj", "{4d5dcb17-c309-2e39-4440-b97a3042454c}"
EndProject
Project("{FAE04EC0-301F-11D3-BF4B-00C04F79EFBC}") = "Unity.XR.ARFoundation.Editor", "Unity.XR.ARFoundation.Editor.csproj", "{99aa3701-e270-f8e7-8b87-691452d9b192}"
EndProject
Project("{FAE04EC0-301F-11D3-BF4B-00C04F79EFBC}") = "UnityEditor.XR.LegacyInputHelpers", "UnityEditor.XR.LegacyInputHelpers.csproj", "{f4075fe1-d604-3513-7559-e99f2beff128}"
EndProject
Project("{FAE04EC0-301F-11D3-BF4B-00C04F79EFBC}") = "Unity.XR.ARSubsystems.Editor", "Unity.XR.ARSubsystems.Editor.csproj", "{3ab2c1cc-c2de-bb66-51b9-aefcf25df699}"
EndProject
Project("{FAE04EC0-301F-11D3-BF4B-00C04F79EFBC}") = "Unity.TestTools.CodeCoverage.Editor.OpenCover.Mono.Reflection", "Unity.TestTools.CodeCoverage.Editor.OpenCover.Mono.Reflection.csproj", "{cfed6cee-f473-ed60-089d-b2e993cc2b37}"
EndProject
Project("{FAE04EC0-301F-11D3-BF4B-00C04F79EFBC}") = "Unity.VisualScripting.Shared.Editor", "Unity.VisualScripting.Shared.Editor.csproj", "{55a261a6-0c70-c839-1a5f-5d0826ce3bcd}"
EndProject
Project("{FAE04EC0-301F-11D3-BF4B-00C04F79EFBC}") = "Unity.InternalAPIEditorBridge.005", "Unity.InternalAPIEditorBridge.005.csproj", "{94e11341-6fb9-37ae-3af4-f38821454af7}"
EndProject
Project("{FAE04EC0-301F-11D3-BF4B-00C04F79EFBC}") = "Google.XR.ARCoreExtensions", "Google.XR.ARCoreExtensions.Player.csproj", "{7bf0f460-c702-83c6-bde9-fe6fd1d8eaf9}"
EndProject
Project("{FAE04EC0-301F-11D3-BF4B-00C04F79EFBC}") = "UnityEngine.TestRunner", "UnityEngine.TestRunner.Player.csproj", "{47772b58-4339-3ac4-23b2-06300b8c1c20}"
EndProject
Project("{FAE04EC0-301F-11D3-BF4B-00C04F79EFBC}") = "UnityEngine.UI", "UnityEngine.UI.Player.csproj", "{9867f542-2272-b329-5b88-55cfa2ce83fb}"
EndProject
Project("{FAE04EC0-301F-11D3-BF4B-00C04F79EFBC}") = "Unity.VisualScripting.Flow", "Unity.VisualScripting.Flow.Player.csproj", "{f24d4a67-0f57-0137-0877-5e7138c5d28d}"
EndProject
Project("{FAE04EC0-301F-11D3-BF4B-00C04F79EFBC}") = "Unity.XR.ARFoundation", "Unity.XR.ARFoundation.Player.csproj", "{357702d1-95f0-8d4a-191c-fd605cc5af11}"
EndProject
Project("{FAE04EC0-301F-11D3-BF4B-00C04F79EFBC}") = "Unity.XR.ARSubsystems", "Unity.XR.ARSubsystems.Player.csproj", "{26fe3c68-a213-d51a-45b1-1017dae012a2}"
EndProject
Project("{FAE04EC0-301F-11D3-BF4B-00C04F79EFBC}") = "Unity.XR.ARCore", "Unity.XR.ARCore.Player.csproj", "{be33a31b-d7fa-ad98-63e9-4d978771f620}"
EndProject
Project("{FAE04EC0-301F-11D3-BF4B-00C04F79EFBC}") = "Unity.VisualScripting.State", "Unity.VisualScripting.State.Player.csproj", "{afb4ef69-7749-d7a5-bf6f-96f00efde4ac}"
EndProject
Project("{FAE04EC0-301F-11D3-BF4B-00C04F79EFBC}") = "Unity.VisualScripting.Core", "Unity.VisualScripting.Core.Player.csproj", "{be07e689-b5ae-8aeb-39c1-fe65f2306260}"
EndProject
Project("{FAE04EC0-301F-11D3-BF4B-00C04F79EFBC}") = "UnityEngine.XR.LegacyInputHelpers", "UnityEngine.XR.LegacyInputHelpers.Player.csproj", "{6e8d1b78-cc4c-43a1-73ab-c033dd6ba454}"
EndProject
Project("{FAE04EC0-301F-11D3-BF4B-00C04F79EFBC}") = "Assembly-CSharp", "Assembly-CSharp.Player.csproj", "{ea17f226-8720-35aa-e77b-eaebd71e4097}"
EndProject
Project("{FAE04EC0-301F-11D3-BF4B-00C04F79EFBC}") = "Unity.TextMeshPro", "Unity.TextMeshPro.Player.csproj", "{5c1c6633-0e5c-bdc8-3922-8f3e0b57441c}"
EndProject
Project("{FAE04EC0-301F-11D3-BF4B-00C04F79EFBC}") = "Unity.Timeline", "Unity.Timeline.Player.csproj", "{13904083-9490-9f9e-6385-70058828a7c1}"
EndProject
Project("{FAE04EC0-301F-11D3-BF4B-00C04F79EFBC}") = "Unity.XR.Management", "Unity.XR.Management.Player.csproj", "{7a695dc2-b3be-01cb-bb1a-593a7d2ae636}"
EndProject
Project("{FAE04EC0-301F-11D3-BF4B-00C04F79EFBC}") = "UnityEngine.SpatialTracking", "UnityEngine.SpatialTracking.Player.csproj", "{fa0fbec2-dcc9-13c9-4b8c-df71c2fdbe6a}"
EndProject
Project("{FAE04EC0-301F-11D3-BF4B-00C04F79EFBC}") = "Unity.Subsystem.Registration", "Unity.Subsystem.Registration.Player.csproj", "{08ebd74b-3023-b14f-9a42-21ab1a57f127}"
EndProject
Project("{FAE04EC0-301F-11D3-BF4B-00C04F79EFBC}") = "Unity.Subsystem.Registration.Runtime.Tests", "Unity.Subsystem.Registration.Runtime.Tests.csproj", "{49104002-96d7-e34c-06d3-385f1227e387}"
EndProject
Project("{FAE04EC0-301F-11D3-BF4B-00C04F79EFBC}") = "Unity.XR.ARSubsystems.Runtime.Tests", "Unity.XR.ARSubsystems.Runtime.Tests.csproj", "{ef8ce5c1-9747-ad82-1c97-a2a123862430}"
EndProject
Project("{FAE04EC0-301F-11D3-BF4B-00C04F79EFBC}") = "Unity.XR.ARCore.Runtime.Tests", "Unity.XR.ARCore.Runtime.Tests.csproj", "{39fcd063-58ca-5ffe-f474-0569bf88766c}"
EndProject
Project("{FAE04EC0-301F-11D3-BF4B-00C04F79EFBC}") = "Unity.PlasticSCM.EditorTests", "Unity.PlasticSCM.EditorTests.csproj", "{d58a14f1-8ecd-a773-622e-cc3f81bf71f7}"
EndProject
Project("{FAE04EC0-301F-11D3-BF4B-00C04F79EFBC}") = "Unity.XR.ARFoundation.Runtime.Tests", "Unity.XR.ARFoundation.Runtime.Tests.csproj", "{c795aa8d-b531-78f8-b209-5a23890a20d5}"
EndProject
Project("{FAE04EC0-301F-11D3-BF4B-00C04F79EFBC}") = "Unity.XR.ARKit.Runtime.Tests", "Unity.XR.ARKit.Runtime.Tests.csproj", "{49d3ecd6-17f6-2178-4bcd-3554498723a7}"
EndProject
Project("{FAE04EC0-301F-11D3-BF4B-00C04F79EFBC}") = "Unity.XR.Management.EditorTests", "Unity.XR.Management.EditorTests.csproj", "{0be73345-526f-bd96-a887-d7a5efcfba69}"
EndProject
Project("{FAE04EC0-301F-11D3-BF4B-00C04F79EFBC}") = "Unity.TestTools.CodeCoverage.Editor.Compatibility", "Unity.TestTools.CodeCoverage.Editor.Compatibility.csproj", "{b7809742-76ae-54eb-0843-392d20757fa8}"
EndProject
Project("{FAE04EC0-301F-11D3-BF4B-00C04F79EFBC}") = "UnityEditor.XR.LegacyInputHelpers.Tests", "UnityEditor.XR.LegacyInputHelpers.Tests.csproj", "{001184fc-d47d-7b9a-ed91-94ab664effae}"
EndProject
Project("{FAE04EC0-301F-11D3-BF4B-00C04F79EFBC}") = "Unity.TextMeshPro.Editor.Tests", "Unity.TextMeshPro.Editor.Tests.csproj", "{ff01cccf-21f3-6d6e-9032-fd58fd3ee1c0}"
EndProject
Project("{FAE04EC0-301F-11D3-BF4B-00C04F79EFBC}") = "DocCodeExamples", "DocCodeExamples.csproj", "{70926648-c995-d8ae-39d3-be2d27e03973}"
EndProject
Project("{FAE04EC0-301F-11D3-BF4B-00C04F79EFBC}") = "Unity.XR.Management.TestPackage.Editor", "Unity.XR.Management.TestPackage.Editor.csproj", "{78a18075-ef98-cff4-508c-6da7a048efc7}"
EndProject
Project("{FAE04EC0-301F-11D3-BF4B-00C04F79EFBC}") = "Unity.XR.TestSupport", "Unity.XR.TestSupport.csproj", "{48a6bf65-b853-5411-cfd2-2bffc7197865}"
EndProject
Project("{FAE04EC0-301F-11D3-BF4B-00C04F79EFBC}") = "Unity.XR.Management.Tests.Standalone", "Unity.XR.Management.Tests.Standalone.csproj", "{4d3cf1d9-0c8c-7303-9e6f-04e53a8f54c6}"
EndProject
Project("{FAE04EC0-301F-11D3-BF4B-00C04F79EFBC}") = "Unity.Performance.Profile-Analyzer.EditorTests", "Unity.Performance.Profile-Analyzer.EditorTests.csproj", "{3e52a111-68e4-b956-e169-09230a0f2e5e}"
EndProject
Project("{FAE04EC0-301F-11D3-BF4B-00C04F79EFBC}") = "Unity.XR.ARFoundation.Editor.Tests", "Unity.XR.ARFoundation.Editor.Tests.csproj", "{16c71f0b-e154-cf85-db99-3eb040058514}"
EndProject
Project("{FAE04EC0-301F-11D3-BF4B-00C04F79EFBC}") = "Unity.CollabProxy.EditorTests", "Unity.CollabProxy.EditorTests.csproj", "{48c8d57d-a323-bb4b-0e91-368c87eda057}"
EndProject
Project("{FAE04EC0-301F-11D3-BF4B-00C04F79EFBC}") = "Unity.Settings.Tests", "Unity.Settings.Tests.csproj", "{2ed6f797-ea08-0d6d-7c78-78f44c782ac1}"
EndProject
Project("{FAE04EC0-301F-11D3-BF4B-00C04F79EFBC}") = "UnityEngine.UI.Tests", "UnityEngine.UI.Tests.csproj", "{2b7758e5-8201-22c3-1408-4b124ce3bd4c}"
EndProject
Project("{FAE04EC0-301F-11D3-BF4B-00C04F79EFBC}") = "Unity.XR.Management.Tests", "Unity.XR.Management.Tests.csproj", "{8a707429-e5f7-c7d9-8f88-64ee8d6f28f9}"
EndProject
Project("{FAE04EC0-301F-11D3-BF4B-00C04F79EFBC}") = "Unity.XR.ARKit.Editor.Tests", "Unity.XR.ARKit.Editor.Tests.csproj", "{515f60b9-869c-ecbd-3e02-0972234c041b}"
EndProject
Project("{FAE04EC0-301F-11D3-BF4B-00C04F79EFBC}") = "Unity.XR.ARFoundation.CodeSamples.Tests", "Unity.XR.ARFoundation.CodeSamples.Tests.csproj", "{48cbf308-3a11-e742-a5ca-71a03553d989}"
EndProject
Project("{FAE04EC0-301F-11D3-BF4B-00C04F79EFBC}") = "Unity.XR.Management.TestPackage", "Unity.XR.Management.TestPackage.csproj", "{cff43b61-7884-883c-ab00-f7ab522e139d}"
EndProject
Project("{FAE04EC0-301F-11D3-BF4B-00C04F79EFBC}") = "Unity.TextMeshPro.Tests", "Unity.TextMeshPro.Tests.csproj", "{bc1db265-68be-e4e5-c199-e6a93a11f43c}"
EndProject
Project("{FAE04EC0-301F-11D3-BF4B-00C04F79EFBC}") = "UnityEditor.UI.EditorTests", "UnityEditor.UI.EditorTests.csproj", "{8d0b77c8-f316-b260-004e-c354c98f35af}"
EndProject
Project("{FAE04EC0-301F-11D3-BF4B-00C04F79EFBC}") = "UnityEngine.SpatialTracking.Tests", "UnityEngine.SpatialTracking.Tests.csproj", "{33d82c22-4829-c6bf-918f-23102927b257}"
EndProject
Project("{FAE04EC0-301F-11D3-BF4B-00C04F79EFBC}") = "Unity.XR.ARCore.Editor.Tests", "Unity.XR.ARCore.Editor.Tests.csproj", "{29a361e6-adc0-e617-870f-2b080901c47b}"
EndProject
Project("{FAE04EC0-301F-11D3-BF4B-00C04F79EFBC}") = "Unity.XR.ARSubsystems.Editor.Tests", "Unity.XR.ARSubsystems.Editor.Tests.csproj", "{bc4f0323-3c2c-e9ed-93c8-d5354d7af98b}"
EndProject
Project("{FAE04EC0-301F-11D3-BF4B-00C04F79EFBC}") = "Assembly-CSharp-firstpass", "Assembly-CSharp-firstpass.csproj", "{04fd843e-c470-8461-c155-c2a80f0c1d38}"
EndProject
Global
	GlobalSection(SolutionConfigurationPlatforms) = preSolution
		Debug|Any CPU = Debug|Any CPU
	EndGlobalSection
	GlobalSection(ProjectConfigurationPlatforms) = postSolution
		{373448a8-1439-cb60-5007-f15edac362df}.Debug|Any CPU.ActiveCfg = Debug|Any CPU
		{373448a8-1439-cb60-5007-f15edac362df}.Debug|Any CPU.Build.0 = Debug|Any CPU
		{3985fee5-1f11-3749-839c-0deed4b2cca2}.Debug|Any CPU.ActiveCfg = Debug|Any CPU
		{3985fee5-1f11-3749-839c-0deed4b2cca2}.Debug|Any CPU.Build.0 = Debug|Any CPU
		{d631ee3c-eb31-cb9e-6b31-662b66bde825}.Debug|Any CPU.ActiveCfg = Debug|Any CPU
		{d631ee3c-eb31-cb9e-6b31-662b66bde825}.Debug|Any CPU.Build.0 = Debug|Any CPU
		{629bb2bc-acf5-c039-7dc3-edaac73ccc17}.Debug|Any CPU.ActiveCfg = Debug|Any CPU
		{629bb2bc-acf5-c039-7dc3-edaac73ccc17}.Debug|Any CPU.Build.0 = Debug|Any CPU
		{2c34a59d-4afb-2b4f-16aa-cf776d157cfa}.Debug|Any CPU.ActiveCfg = Debug|Any CPU
		{2c34a59d-4afb-2b4f-16aa-cf776d157cfa}.Debug|Any CPU.Build.0 = Debug|Any CPU
		{ceb56083-aad8-0646-efff-3ead3a4ceee8}.Debug|Any CPU.ActiveCfg = Debug|Any CPU
		{ceb56083-aad8-0646-efff-3ead3a4ceee8}.Debug|Any CPU.Build.0 = Debug|Any CPU
		{b0e1d3b1-b184-abb0-d900-7b508ccc3e37}.Debug|Any CPU.ActiveCfg = Debug|Any CPU
		{b0e1d3b1-b184-abb0-d900-7b508ccc3e37}.Debug|Any CPU.Build.0 = Debug|Any CPU
		{be616c1d-3804-b29b-cf3f-ba72d95d01d6}.Debug|Any CPU.ActiveCfg = Debug|Any CPU
		{be616c1d-3804-b29b-cf3f-ba72d95d01d6}.Debug|Any CPU.Build.0 = Debug|Any CPU
		{3fa12630-060c-6196-c124-7f51707320a1}.Debug|Any CPU.ActiveCfg = Debug|Any CPU
		{3fa12630-060c-6196-c124-7f51707320a1}.Debug|Any CPU.Build.0 = Debug|Any CPU
		{dfd7f258-f9f0-0854-c7d3-92c9492833f4}.Debug|Any CPU.ActiveCfg = Debug|Any CPU
		{dfd7f258-f9f0-0854-c7d3-92c9492833f4}.Debug|Any CPU.Build.0 = Debug|Any CPU
		{d7547900-dce5-e855-18c8-cb321d3daa7f}.Debug|Any CPU.ActiveCfg = Debug|Any CPU
		{d7547900-dce5-e855-18c8-cb321d3daa7f}.Debug|Any CPU.Build.0 = Debug|Any CPU
		{7485a817-2fab-3608-a1e9-f07b6c05c451}.Debug|Any CPU.ActiveCfg = Debug|Any CPU
		{7485a817-2fab-3608-a1e9-f07b6c05c451}.Debug|Any CPU.Build.0 = Debug|Any CPU
		{5b925924-4df8-e681-91b2-dd6d6eab4602}.Debug|Any CPU.ActiveCfg = Debug|Any CPU
		{5b925924-4df8-e681-91b2-dd6d6eab4602}.Debug|Any CPU.Build.0 = Debug|Any CPU
		{485f3858-7586-0435-06aa-83767d4d61dc}.Debug|Any CPU.ActiveCfg = Debug|Any CPU
		{485f3858-7586-0435-06aa-83767d4d61dc}.Debug|Any CPU.Build.0 = Debug|Any CPU
		{a6d769e9-1604-4a1f-d01c-8ced1fdf40d6}.Debug|Any CPU.ActiveCfg = Debug|Any CPU
		{a6d769e9-1604-4a1f-d01c-8ced1fdf40d6}.Debug|Any CPU.Build.0 = Debug|Any CPU
		{c6ef2118-c89d-9bb2-3953-2e9ab3f0cc3b}.Debug|Any CPU.ActiveCfg = Debug|Any CPU
		{c6ef2118-c89d-9bb2-3953-2e9ab3f0cc3b}.Debug|Any CPU.Build.0 = Debug|Any CPU
		{8904713c-8ad5-6731-cb6e-8aad3206bde6}.Debug|Any CPU.ActiveCfg = Debug|Any CPU
		{8904713c-8ad5-6731-cb6e-8aad3206bde6}.Debug|Any CPU.Build.0 = Debug|Any CPU
		{6dcf7036-4f68-9d6c-214f-6600b3627d7b}.Debug|Any CPU.ActiveCfg = Debug|Any CPU
		{6dcf7036-4f68-9d6c-214f-6600b3627d7b}.Debug|Any CPU.Build.0 = Debug|Any CPU
		{2048597d-e652-0fa0-299f-c07236bb37a5}.Debug|Any CPU.ActiveCfg = Debug|Any CPU
		{2048597d-e652-0fa0-299f-c07236bb37a5}.Debug|Any CPU.Build.0 = Debug|Any CPU
		{2cd0d1ca-d396-a9f8-28aa-082ebd769385}.Debug|Any CPU.ActiveCfg = Debug|Any CPU
		{2cd0d1ca-d396-a9f8-28aa-082ebd769385}.Debug|Any CPU.Build.0 = Debug|Any CPU
		{e0b08e22-87c5-1361-1066-971e84e0aa30}.Debug|Any CPU.ActiveCfg = Debug|Any CPU
		{e0b08e22-87c5-1361-1066-971e84e0aa30}.Debug|Any CPU.Build.0 = Debug|Any CPU
		{1569eaa0-74d7-d918-cfad-e8ebba691782}.Debug|Any CPU.ActiveCfg = Debug|Any CPU
		{1569eaa0-74d7-d918-cfad-e8ebba691782}.Debug|Any CPU.Build.0 = Debug|Any CPU
		{e6d54205-eeeb-c354-be18-c3df2a0d3413}.Debug|Any CPU.ActiveCfg = Debug|Any CPU
		{e6d54205-eeeb-c354-be18-c3df2a0d3413}.Debug|Any CPU.Build.0 = Debug|Any CPU
		{ace5280b-538f-bf33-a58c-657573dbb4db}.Debug|Any CPU.ActiveCfg = Debug|Any CPU
		{ace5280b-538f-bf33-a58c-657573dbb4db}.Debug|Any CPU.Build.0 = Debug|Any CPU
		{2df55e0d-d50f-5213-c78a-966b8f11d3bf}.Debug|Any CPU.ActiveCfg = Debug|Any CPU
		{2df55e0d-d50f-5213-c78a-966b8f11d3bf}.Debug|Any CPU.Build.0 = Debug|Any CPU
		{e6fe4fe1-c839-4199-6beb-030ea8788ca7}.Debug|Any CPU.ActiveCfg = Debug|Any CPU
		{e6fe4fe1-c839-4199-6beb-030ea8788ca7}.Debug|Any CPU.Build.0 = Debug|Any CPU
		{ccaca27a-a104-2a6f-78e8-7519e854b32e}.Debug|Any CPU.ActiveCfg = Debug|Any CPU
		{ccaca27a-a104-2a6f-78e8-7519e854b32e}.Debug|Any CPU.Build.0 = Debug|Any CPU
		{e187dda9-9241-7b78-955c-ef64f8c0ae70}.Debug|Any CPU.ActiveCfg = Debug|Any CPU
		{e187dda9-9241-7b78-955c-ef64f8c0ae70}.Debug|Any CPU.Build.0 = Debug|Any CPU
		{4c059473-8e71-2c5f-1620-006e9582f535}.Debug|Any CPU.ActiveCfg = Debug|Any CPU
		{4c059473-8e71-2c5f-1620-006e9582f535}.Debug|Any CPU.Build.0 = Debug|Any CPU
		{73aa19a1-94c7-8fab-b7af-1e01c4de105f}.Debug|Any CPU.ActiveCfg = Debug|Any CPU
		{73aa19a1-94c7-8fab-b7af-1e01c4de105f}.Debug|Any CPU.Build.0 = Debug|Any CPU
		{ebb8c0cf-ed8f-a859-1f4c-e2303b3af598}.Debug|Any CPU.ActiveCfg = Debug|Any CPU
		{ebb8c0cf-ed8f-a859-1f4c-e2303b3af598}.Debug|Any CPU.Build.0 = Debug|Any CPU
		{0d822597-07d3-20dd-ab79-be009cb7e976}.Debug|Any CPU.ActiveCfg = Debug|Any CPU
		{0d822597-07d3-20dd-ab79-be009cb7e976}.Debug|Any CPU.Build.0 = Debug|Any CPU
		{bb656a66-2eac-b31b-3cd3-7eba07fb9f3f}.Debug|Any CPU.ActiveCfg = Debug|Any CPU
		{bb656a66-2eac-b31b-3cd3-7eba07fb9f3f}.Debug|Any CPU.Build.0 = Debug|Any CPU
		{46595edf-edd6-b7cc-9c37-137dc0893ed2}.Debug|Any CPU.ActiveCfg = Debug|Any CPU
		{46595edf-edd6-b7cc-9c37-137dc0893ed2}.Debug|Any CPU.Build.0 = Debug|Any CPU
		{8bc77110-bb9b-8d38-1711-f06e2cbd9ad6}.Debug|Any CPU.ActiveCfg = Debug|Any CPU
		{8bc77110-bb9b-8d38-1711-f06e2cbd9ad6}.Debug|Any CPU.Build.0 = Debug|Any CPU
		{7938a2c4-c278-1c1f-a01c-a164e388f1d9}.Debug|Any CPU.ActiveCfg = Debug|Any CPU
		{7938a2c4-c278-1c1f-a01c-a164e388f1d9}.Debug|Any CPU.Build.0 = Debug|Any CPU
		{90e062e2-d37b-a5a1-b6fa-a03effba9696}.Debug|Any CPU.ActiveCfg = Debug|Any CPU
		{90e062e2-d37b-a5a1-b6fa-a03effba9696}.Debug|Any CPU.Build.0 = Debug|Any CPU
		{6d032b69-bfa9-f188-e239-a41e23da227c}.Debug|Any CPU.ActiveCfg = Debug|Any CPU
		{6d032b69-bfa9-f188-e239-a41e23da227c}.Debug|Any CPU.Build.0 = Debug|Any CPU
		{8cc8122b-2e80-912e-219c-89db418444b9}.Debug|Any CPU.ActiveCfg = Debug|Any CPU
		{8cc8122b-2e80-912e-219c-89db418444b9}.Debug|Any CPU.Build.0 = Debug|Any CPU
		{999a3486-82ba-519b-ae9f-2285deafcc93}.Debug|Any CPU.ActiveCfg = Debug|Any CPU
		{999a3486-82ba-519b-ae9f-2285deafcc93}.Debug|Any CPU.Build.0 = Debug|Any CPU
		{4d5dcb17-c309-2e39-4440-b97a3042454c}.Debug|Any CPU.ActiveCfg = Debug|Any CPU
		{4d5dcb17-c309-2e39-4440-b97a3042454c}.Debug|Any CPU.Build.0 = Debug|Any CPU
		{99aa3701-e270-f8e7-8b87-691452d9b192}.Debug|Any CPU.ActiveCfg = Debug|Any CPU
		{99aa3701-e270-f8e7-8b87-691452d9b192}.Debug|Any CPU.Build.0 = Debug|Any CPU
		{f4075fe1-d604-3513-7559-e99f2beff128}.Debug|Any CPU.ActiveCfg = Debug|Any CPU
		{f4075fe1-d604-3513-7559-e99f2beff128}.Debug|Any CPU.Build.0 = Debug|Any CPU
		{3ab2c1cc-c2de-bb66-51b9-aefcf25df699}.Debug|Any CPU.ActiveCfg = Debug|Any CPU
		{3ab2c1cc-c2de-bb66-51b9-aefcf25df699}.Debug|Any CPU.Build.0 = Debug|Any CPU
		{cfed6cee-f473-ed60-089d-b2e993cc2b37}.Debug|Any CPU.ActiveCfg = Debug|Any CPU
		{cfed6cee-f473-ed60-089d-b2e993cc2b37}.Debug|Any CPU.Build.0 = Debug|Any CPU
		{55a261a6-0c70-c839-1a5f-5d0826ce3bcd}.Debug|Any CPU.ActiveCfg = Debug|Any CPU
		{55a261a6-0c70-c839-1a5f-5d0826ce3bcd}.Debug|Any CPU.Build.0 = Debug|Any CPU
		{94e11341-6fb9-37ae-3af4-f38821454af7}.Debug|Any CPU.ActiveCfg = Debug|Any CPU
		{94e11341-6fb9-37ae-3af4-f38821454af7}.Debug|Any CPU.Build.0 = Debug|Any CPU
		{7bf0f460-c702-83c6-bde9-fe6fd1d8eaf9}.Debug|Any CPU.ActiveCfg = Debug|Any CPU
		{7bf0f460-c702-83c6-bde9-fe6fd1d8eaf9}.Debug|Any CPU.Build.0 = Debug|Any CPU
		{47772b58-4339-3ac4-23b2-06300b8c1c20}.Debug|Any CPU.ActiveCfg = Debug|Any CPU
		{47772b58-4339-3ac4-23b2-06300b8c1c20}.Debug|Any CPU.Build.0 = Debug|Any CPU
		{9867f542-2272-b329-5b88-55cfa2ce83fb}.Debug|Any CPU.ActiveCfg = Debug|Any CPU
		{9867f542-2272-b329-5b88-55cfa2ce83fb}.Debug|Any CPU.Build.0 = Debug|Any CPU
		{f24d4a67-0f57-0137-0877-5e7138c5d28d}.Debug|Any CPU.ActiveCfg = Debug|Any CPU
		{f24d4a67-0f57-0137-0877-5e7138c5d28d}.Debug|Any CPU.Build.0 = Debug|Any CPU
		{357702d1-95f0-8d4a-191c-fd605cc5af11}.Debug|Any CPU.ActiveCfg = Debug|Any CPU
		{357702d1-95f0-8d4a-191c-fd605cc5af11}.Debug|Any CPU.Build.0 = Debug|Any CPU
		{26fe3c68-a213-d51a-45b1-1017dae012a2}.Debug|Any CPU.ActiveCfg = Debug|Any CPU
		{26fe3c68-a213-d51a-45b1-1017dae012a2}.Debug|Any CPU.Build.0 = Debug|Any CPU
		{be33a31b-d7fa-ad98-63e9-4d978771f620}.Debug|Any CPU.ActiveCfg = Debug|Any CPU
		{be33a31b-d7fa-ad98-63e9-4d978771f620}.Debug|Any CPU.Build.0 = Debug|Any CPU
		{afb4ef69-7749-d7a5-bf6f-96f00efde4ac}.Debug|Any CPU.ActiveCfg = Debug|Any CPU
		{afb4ef69-7749-d7a5-bf6f-96f00efde4ac}.Debug|Any CPU.Build.0 = Debug|Any CPU
		{be07e689-b5ae-8aeb-39c1-fe65f2306260}.Debug|Any CPU.ActiveCfg = Debug|Any CPU
		{be07e689-b5ae-8aeb-39c1-fe65f2306260}.Debug|Any CPU.Build.0 = Debug|Any CPU
		{6e8d1b78-cc4c-43a1-73ab-c033dd6ba454}.Debug|Any CPU.ActiveCfg = Debug|Any CPU
		{6e8d1b78-cc4c-43a1-73ab-c033dd6ba454}.Debug|Any CPU.Build.0 = Debug|Any CPU
		{ea17f226-8720-35aa-e77b-eaebd71e4097}.Debug|Any CPU.ActiveCfg = Debug|Any CPU
		{ea17f226-8720-35aa-e77b-eaebd71e4097}.Debug|Any CPU.Build.0 = Debug|Any CPU
		{5c1c6633-0e5c-bdc8-3922-8f3e0b57441c}.Debug|Any CPU.ActiveCfg = Debug|Any CPU
		{5c1c6633-0e5c-bdc8-3922-8f3e0b57441c}.Debug|Any CPU.Build.0 = Debug|Any CPU
		{13904083-9490-9f9e-6385-70058828a7c1}.Debug|Any CPU.ActiveCfg = Debug|Any CPU
		{13904083-9490-9f9e-6385-70058828a7c1}.Debug|Any CPU.Build.0 = Debug|Any CPU
		{7a695dc2-b3be-01cb-bb1a-593a7d2ae636}.Debug|Any CPU.ActiveCfg = Debug|Any CPU
		{7a695dc2-b3be-01cb-bb1a-593a7d2ae636}.Debug|Any CPU.Build.0 = Debug|Any CPU
		{fa0fbec2-dcc9-13c9-4b8c-df71c2fdbe6a}.Debug|Any CPU.ActiveCfg = Debug|Any CPU
		{fa0fbec2-dcc9-13c9-4b8c-df71c2fdbe6a}.Debug|Any CPU.Build.0 = Debug|Any CPU
		{08ebd74b-3023-b14f-9a42-21ab1a57f127}.Debug|Any CPU.ActiveCfg = Debug|Any CPU
		{08ebd74b-3023-b14f-9a42-21ab1a57f127}.Debug|Any CPU.Build.0 = Debug|Any CPU
		{49104002-96d7-e34c-06d3-385f1227e387}.Debug|Any CPU.ActiveCfg = Debug|Any CPU
		{49104002-96d7-e34c-06d3-385f1227e387}.Debug|Any CPU.Build.0 = Debug|Any CPU
		{ef8ce5c1-9747-ad82-1c97-a2a123862430}.Debug|Any CPU.ActiveCfg = Debug|Any CPU
		{ef8ce5c1-9747-ad82-1c97-a2a123862430}.Debug|Any CPU.Build.0 = Debug|Any CPU
		{39fcd063-58ca-5ffe-f474-0569bf88766c}.Debug|Any CPU.ActiveCfg = Debug|Any CPU
		{39fcd063-58ca-5ffe-f474-0569bf88766c}.Debug|Any CPU.Build.0 = Debug|Any CPU
		{d58a14f1-8ecd-a773-622e-cc3f81bf71f7}.Debug|Any CPU.ActiveCfg = Debug|Any CPU
		{d58a14f1-8ecd-a773-622e-cc3f81bf71f7}.Debug|Any CPU.Build.0 = Debug|Any CPU
		{c795aa8d-b531-78f8-b209-5a23890a20d5}.Debug|Any CPU.ActiveCfg = Debug|Any CPU
		{c795aa8d-b531-78f8-b209-5a23890a20d5}.Debug|Any CPU.Build.0 = Debug|Any CPU
		{49d3ecd6-17f6-2178-4bcd-3554498723a7}.Debug|Any CPU.ActiveCfg = Debug|Any CPU
		{49d3ecd6-17f6-2178-4bcd-3554498723a7}.Debug|Any CPU.Build.0 = Debug|Any CPU
		{0be73345-526f-bd96-a887-d7a5efcfba69}.Debug|Any CPU.ActiveCfg = Debug|Any CPU
		{0be73345-526f-bd96-a887-d7a5efcfba69}.Debug|Any CPU.Build.0 = Debug|Any CPU
		{b7809742-76ae-54eb-0843-392d20757fa8}.Debug|Any CPU.ActiveCfg = Debug|Any CPU
		{b7809742-76ae-54eb-0843-392d20757fa8}.Debug|Any CPU.Build.0 = Debug|Any CPU
		{001184fc-d47d-7b9a-ed91-94ab664effae}.Debug|Any CPU.ActiveCfg = Debug|Any CPU
		{001184fc-d47d-7b9a-ed91-94ab664effae}.Debug|Any CPU.Build.0 = Debug|Any CPU
		{ff01cccf-21f3-6d6e-9032-fd58fd3ee1c0}.Debug|Any CPU.ActiveCfg = Debug|Any CPU
		{ff01cccf-21f3-6d6e-9032-fd58fd3ee1c0}.Debug|Any CPU.Build.0 = Debug|Any CPU
		{70926648-c995-d8ae-39d3-be2d27e03973}.Debug|Any CPU.ActiveCfg = Debug|Any CPU
		{70926648-c995-d8ae-39d3-be2d27e03973}.Debug|Any CPU.Build.0 = Debug|Any CPU
		{78a18075-ef98-cff4-508c-6da7a048efc7}.Debug|Any CPU.ActiveCfg = Debug|Any CPU
		{78a18075-ef98-cff4-508c-6da7a048efc7}.Debug|Any CPU.Build.0 = Debug|Any CPU
		{48a6bf65-b853-5411-cfd2-2bffc7197865}.Debug|Any CPU.ActiveCfg = Debug|Any CPU
		{48a6bf65-b853-5411-cfd2-2bffc7197865}.Debug|Any CPU.Build.0 = Debug|Any CPU
		{4d3cf1d9-0c8c-7303-9e6f-04e53a8f54c6}.Debug|Any CPU.ActiveCfg = Debug|Any CPU
		{4d3cf1d9-0c8c-7303-9e6f-04e53a8f54c6}.Debug|Any CPU.Build.0 = Debug|Any CPU
		{3e52a111-68e4-b956-e169-09230a0f2e5e}.Debug|Any CPU.ActiveCfg = Debug|Any CPU
		{3e52a111-68e4-b956-e169-09230a0f2e5e}.Debug|Any CPU.Build.0 = Debug|Any CPU
		{16c71f0b-e154-cf85-db99-3eb040058514}.Debug|Any CPU.ActiveCfg = Debug|Any CPU
		{16c71f0b-e154-cf85-db99-3eb040058514}.Debug|Any CPU.Build.0 = Debug|Any CPU
		{48c8d57d-a323-bb4b-0e91-368c87eda057}.Debug|Any CPU.ActiveCfg = Debug|Any CPU
		{48c8d57d-a323-bb4b-0e91-368c87eda057}.Debug|Any CPU.Build.0 = Debug|Any CPU
		{2ed6f797-ea08-0d6d-7c78-78f44c782ac1}.Debug|Any CPU.ActiveCfg = Debug|Any CPU
		{2ed6f797-ea08-0d6d-7c78-78f44c782ac1}.Debug|Any CPU.Build.0 = Debug|Any CPU
		{2b7758e5-8201-22c3-1408-4b124ce3bd4c}.Debug|Any CPU.ActiveCfg = Debug|Any CPU
		{2b7758e5-8201-22c3-1408-4b124ce3bd4c}.Debug|Any CPU.Build.0 = Debug|Any CPU
		{8a707429-e5f7-c7d9-8f88-64ee8d6f28f9}.Debug|Any CPU.ActiveCfg = Debug|Any CPU
		{8a707429-e5f7-c7d9-8f88-64ee8d6f28f9}.Debug|Any CPU.Build.0 = Debug|Any CPU
		{515f60b9-869c-ecbd-3e02-0972234c041b}.Debug|Any CPU.ActiveCfg = Debug|Any CPU
		{515f60b9-869c-ecbd-3e02-0972234c041b}.Debug|Any CPU.Build.0 = Debug|Any CPU
		{48cbf308-3a11-e742-a5ca-71a03553d989}.Debug|Any CPU.ActiveCfg = Debug|Any CPU
		{48cbf308-3a11-e742-a5ca-71a03553d989}.Debug|Any CPU.Build.0 = Debug|Any CPU
		{cff43b61-7884-883c-ab00-f7ab522e139d}.Debug|Any CPU.ActiveCfg = Debug|Any CPU
		{cff43b61-7884-883c-ab00-f7ab522e139d}.Debug|Any CPU.Build.0 = Debug|Any CPU
		{bc1db265-68be-e4e5-c199-e6a93a11f43c}.Debug|Any CPU.ActiveCfg = Debug|Any CPU
		{bc1db265-68be-e4e5-c199-e6a93a11f43c}.Debug|Any CPU.Build.0 = Debug|Any CPU
		{8d0b77c8-f316-b260-004e-c354c98f35af}.Debug|Any CPU.ActiveCfg = Debug|Any CPU
		{8d0b77c8-f316-b260-004e-c354c98f35af}.Debug|Any CPU.Build.0 = Debug|Any CPU
		{33d82c22-4829-c6bf-918f-23102927b257}.Debug|Any CPU.ActiveCfg = Debug|Any CPU
		{33d82c22-4829-c6bf-918f-23102927b257}.Debug|Any CPU.Build.0 = Debug|Any CPU
		{29a361e6-adc0-e617-870f-2b080901c47b}.Debug|Any CPU.ActiveCfg = Debug|Any CPU
		{29a361e6-adc0-e617-870f-2b080901c47b}.Debug|Any CPU.Build.0 = Debug|Any CPU
		{bc4f0323-3c2c-e9ed-93c8-d5354d7af98b}.Debug|Any CPU.ActiveCfg = Debug|Any CPU
		{bc4f0323-3c2c-e9ed-93c8-d5354d7af98b}.Debug|Any CPU.Build.0 = Debug|Any CPU
		{04fd843e-c470-8461-c155-c2a80f0c1d38}.Debug|Any CPU.ActiveCfg = Debug|Any CPU
		{04fd843e-c470-8461-c155-c2a80f0c1d38}.Debug|Any CPU.Build.0 = Debug|Any CPU
	EndGlobalSection
	GlobalSection(SolutionProperties) = preSolution
		HideSolutionNode = FALSE
	EndGlobalSection
EndGlobal
